
Microsoft Visual Studio Solution File, Format Version 12.00
# Visual Studio 14
VisualStudioVersion = 14.0.24720.0
MinimumVisualStudioVersion = 10.0.40219.1
Project("{FAE04EC0-301F-11D3-BF4B-00C04F79EFBC}") = "MainConsole", "MainConsole\MainConsole.csproj", "{F6FAAEDD-C0FD-4706-BB64-252B5370938B}"
EndProject
Project("{FAE04EC0-301F-11D3-BF4B-00C04F79EFBC}") = "PD.Objects", "ClassLibrary1\PD.Objects.csproj", "{37B54337-6460-45F1-B181-331AB1AF7731}"
EndProject
Project("{FAE04EC0-301F-11D3-BF4B-00C04F79EFBC}") = "Domain", "Domain\Domain.csproj", "{3D875C88-B211-4830-88A3-41E679C448FA}"
EndProject
Global
	GlobalSection(SolutionConfigurationPlatforms) = preSolution
		Debug|Any CPU = Debug|Any CPU
		Release|Any CPU = Release|Any CPU
	EndGlobalSection
	GlobalSection(ProjectConfigurationPlatforms) = postSolution
		{F6FAAEDD-C0FD-4706-BB64-252B5370938B}.Debug|Any CPU.ActiveCfg = Debug|Any CPU
		{F6FAAEDD-C0FD-4706-BB64-252B5370938B}.Debug|Any CPU.Build.0 = Debug|Any CPU
		{F6FAAEDD-C0FD-4706-BB64-252B5370938B}.Release|Any CPU.ActiveCfg = Release|Any CPU
		{F6FAAEDD-C0FD-4706-BB64-252B5370938B}.Release|Any CPU.Build.0 = Release|Any CPU
		{37B54337-6460-45F1-B181-331AB1AF7731}.Debug|Any CPU.ActiveCfg = Debug|Any CPU
		{37B54337-6460-45F1-B181-331AB1AF7731}.Debug|Any CPU.Build.0 = Debug|Any CPU
		{37B54337-6460-45F1-B181-331AB1AF7731}.Release|Any CPU.ActiveCfg = Release|Any CPU
		{37B54337-6460-45F1-B181-331AB1AF7731}.Release|Any CPU.Build.0 = Release|Any CPU
		{3D875C88-B211-4830-88A3-41E679C448FA}.Debug|Any CPU.ActiveCfg = Debug|Any CPU
		{3D875C88-B211-4830-88A3-41E679C448FA}.Debug|Any CPU.Build.0 = Debug|Any CPU
		{3D875C88-B211-4830-88A3-41E679C448FA}.Release|Any CPU.ActiveCfg = Release|Any CPU
		{3D875C88-B211-4830-88A3-41E679C448FA}.Release|Any CPU.Build.0 = Release|Any CPU
	EndGlobalSection
	GlobalSection(SolutionProperties) = preSolution
		HideSolutionNode = FALSE
	EndGlobalSection
EndGlobal
